
Microsoft Visual Studio Solution File, Format Version 12.00
# Visual Studio Version 17
VisualStudioVersion = 17.7.34024.191
MinimumVisualStudioVersion = 10.0.40219.1
Project("{8BC9CEB8-8B4A-11D0-8D11-00A0C91BC942}") = "elevater1-1", "elevater1-1\elevater1-1.vcxproj", "{7C9DCA2D-1DA3-4931-8040-F74A5E92E0F1}"
EndProject
Global
	GlobalSection(SolutionConfigurationPlatforms) = preSolution
		Debug|x64 = Debug|x64
		Debug|x86 = Debug|x86
		Release|x64 = Release|x64
		Release|x86 = Release|x86
	EndGlobalSection
	GlobalSection(ProjectConfigurationPlatforms) = postSolution
		{7C9DCA2D-1DA3-4931-8040-F74A5E92E0F1}.Debug|x64.ActiveCfg = Debug|x64
		{7C9DCA2D-1DA3-4931-8040-F74A5E92E0F1}.Debug|x64.Build.0 = Debug|x64
		{7C9DCA2D-1DA3-4931-8040-F74A5E92E0F1}.Debug|x86.ActiveCfg = Debug|Win32
		{7C9DCA2D-1DA3-4931-8040-F74A5E92E0F1}.Debug|x86.Build.0 = Debug|Win32
		{7C9DCA2D-1DA3-4931-8040-F74A5E92E0F1}.Release|x64.ActiveCfg = Release|x64
		{7C9DCA2D-1DA3-4931-8040-F74A5E92E0F1}.Release|x64.Build.0 = Release|x64
		{7C9DCA2D-1DA3-4931-8040-F74A5E92E0F1}.Release|x86.ActiveCfg = Release|Win32
		{7C9DCA2D-1DA3-4931-8040-F74A5E92E0F1}.Release|x86.Build.0 = Release|Win32
	EndGlobalSection
	GlobalSection(SolutionProperties) = preSolution
		HideSolutionNode = FALSE
	EndGlobalSection
	GlobalSection(ExtensibilityGlobals) = postSolution
		SolutionGuid = {21CB10A4-BC04-4708-8531-DFFB49ED6BA8}
	EndGlobalSection
EndGlobal
